
Microsoft Visual Studio Solution File, Format Version 12.00
# Visual Studio Version 17
VisualStudioVersion = 17.1.32228.430
MinimumVisualStudioVersion = 10.0.40219.1
Project("{FAE04EC0-301F-11D3-BF4B-00C04F79EFBC}") = "Veri_tabanlı_secim_sistemi", "Veri_tabanlı_secim_sistemi\Veri_tabanlı_secim_sistemi.csproj", "{EF9A5A2E-A5E1-4A34-87C6-587A5E6413A4}"
EndProject
Global
	GlobalSection(SolutionConfigurationPlatforms) = preSolution
		Debug|Any CPU = Debug|Any CPU
		Release|Any CPU = Release|Any CPU
	EndGlobalSection
	GlobalSection(ProjectConfigurationPlatforms) = postSolution
		{EF9A5A2E-A5E1-4A34-87C6-587A5E6413A4}.Debug|Any CPU.ActiveCfg = Debug|Any CPU
		{EF9A5A2E-A5E1-4A34-87C6-587A5E6413A4}.Debug|Any CPU.Build.0 = Debug|Any CPU
		{EF9A5A2E-A5E1-4A34-87C6-587A5E6413A4}.Release|Any CPU.ActiveCfg = Release|Any CPU
		{EF9A5A2E-A5E1-4A34-87C6-587A5E6413A4}.Release|Any CPU.Build.0 = Release|Any CPU
	EndGlobalSection
	GlobalSection(SolutionProperties) = preSolution
		HideSolutionNode = FALSE
	EndGlobalSection
	GlobalSection(ExtensibilityGlobals) = postSolution
		SolutionGuid = {2470BF46-4457-40BF-ABA6-CC97A31F9244}
	EndGlobalSection
EndGlobal
